
Microsoft Visual Studio Solution File, Format Version 12.00
# Visual Studio 15
VisualStudioVersion = 15.0.27130.2020
MinimumVisualStudioVersion = 10.0.40219.1
Project("{FAE04EC0-301F-11D3-BF4B-00C04F79EFBC}") = "MVCGitHub", "MVCGitHub\MVCGitHub.csproj", "{8F7ED2B0-6F56-4D27-A12B-F8C5AA4120EE}"
EndProject
Global
	GlobalSection(SolutionConfigurationPlatforms) = preSolution
		Debug|Any CPU = Debug|Any CPU
		Release|Any CPU = Release|Any CPU
	EndGlobalSection
	GlobalSection(ProjectConfigurationPlatforms) = postSolution
		{8F7ED2B0-6F56-4D27-A12B-F8C5AA4120EE}.Debug|Any CPU.ActiveCfg = Debug|Any CPU
		{8F7ED2B0-6F56-4D27-A12B-F8C5AA4120EE}.Debug|Any CPU.Build.0 = Debug|Any CPU
		{8F7ED2B0-6F56-4D27-A12B-F8C5AA4120EE}.Release|Any CPU.ActiveCfg = Release|Any CPU
		{8F7ED2B0-6F56-4D27-A12B-F8C5AA4120EE}.Release|Any CPU.Build.0 = Release|Any CPU
	EndGlobalSection
	GlobalSection(SolutionProperties) = preSolution
		HideSolutionNode = FALSE
	EndGlobalSection
	GlobalSection(ExtensibilityGlobals) = postSolution
		SolutionGuid = {3C32ABC2-C653-4893-A372-8331F885587A}
	EndGlobalSection
EndGlobal
